
Microsoft Visual Studio Solution File, Format Version 12.00
# Visual Studio Version 17
VisualStudioVersion = 17.6.33723.286
MinimumVisualStudioVersion = 10.0.40219.1
Project("{9A19103F-16F7-4668-BE54-9A1E7A4F7556}") = "In", "In\In.csproj", "{B2EFFF3A-07DA-4251-9B11-7D40EE206552}"
EndProject
Project("{9A19103F-16F7-4668-BE54-9A1E7A4F7556}") = "Out", "Out\Out.csproj", "{63F92BB1-574C-40DA-93D3-E9ABA87CA527}"
EndProject
Project("{9A19103F-16F7-4668-BE54-9A1E7A4F7556}") = "Common", "Common\Common.csproj", "{2502F24D-C72A-49C4-B1EA-2E3797AB4961}"
EndProject
Project("{9A19103F-16F7-4668-BE54-9A1E7A4F7556}") = "Check", "Check\Check.csproj", "{F3DC49CF-ADA7-4986-B63E-93B66D718BC0}"
EndProject
Project("{FAE04EC0-301F-11D3-BF4B-00C04F79EFBC}") = "DynamoKeyvalResource.Tests", "DynamoKeyvalResource.Tests\DynamoKeyvalResource.Tests.csproj", "{AC1C1A8F-5667-481B-B68C-0EFFC13702B7}"
EndProject
Global
	GlobalSection(SolutionConfigurationPlatforms) = preSolution
		Debug|Any CPU = Debug|Any CPU
		Release|Any CPU = Release|Any CPU
	EndGlobalSection
	GlobalSection(ProjectConfigurationPlatforms) = postSolution
		{B2EFFF3A-07DA-4251-9B11-7D40EE206552}.Debug|Any CPU.ActiveCfg = Debug|Any CPU
		{B2EFFF3A-07DA-4251-9B11-7D40EE206552}.Debug|Any CPU.Build.0 = Debug|Any CPU
		{B2EFFF3A-07DA-4251-9B11-7D40EE206552}.Release|Any CPU.ActiveCfg = Release|Any CPU
		{B2EFFF3A-07DA-4251-9B11-7D40EE206552}.Release|Any CPU.Build.0 = Release|Any CPU
		{63F92BB1-574C-40DA-93D3-E9ABA87CA527}.Debug|Any CPU.ActiveCfg = Debug|Any CPU
		{63F92BB1-574C-40DA-93D3-E9ABA87CA527}.Debug|Any CPU.Build.0 = Debug|Any CPU
		{63F92BB1-574C-40DA-93D3-E9ABA87CA527}.Release|Any CPU.ActiveCfg = Release|Any CPU
		{63F92BB1-574C-40DA-93D3-E9ABA87CA527}.Release|Any CPU.Build.0 = Release|Any CPU
		{2502F24D-C72A-49C4-B1EA-2E3797AB4961}.Debug|Any CPU.ActiveCfg = Debug|Any CPU
		{2502F24D-C72A-49C4-B1EA-2E3797AB4961}.Debug|Any CPU.Build.0 = Debug|Any CPU
		{2502F24D-C72A-49C4-B1EA-2E3797AB4961}.Release|Any CPU.ActiveCfg = Release|Any CPU
		{2502F24D-C72A-49C4-B1EA-2E3797AB4961}.Release|Any CPU.Build.0 = Release|Any CPU
		{F3DC49CF-ADA7-4986-B63E-93B66D718BC0}.Debug|Any CPU.ActiveCfg = Debug|Any CPU
		{F3DC49CF-ADA7-4986-B63E-93B66D718BC0}.Debug|Any CPU.Build.0 = Debug|Any CPU
		{F3DC49CF-ADA7-4986-B63E-93B66D718BC0}.Release|Any CPU.ActiveCfg = Release|Any CPU
		{F3DC49CF-ADA7-4986-B63E-93B66D718BC0}.Release|Any CPU.Build.0 = Release|Any CPU
		{AC1C1A8F-5667-481B-B68C-0EFFC13702B7}.Debug|Any CPU.ActiveCfg = Debug|Any CPU
		{AC1C1A8F-5667-481B-B68C-0EFFC13702B7}.Debug|Any CPU.Build.0 = Debug|Any CPU
		{AC1C1A8F-5667-481B-B68C-0EFFC13702B7}.Release|Any CPU.ActiveCfg = Release|Any CPU
		{AC1C1A8F-5667-481B-B68C-0EFFC13702B7}.Release|Any CPU.Build.0 = Release|Any CPU
	EndGlobalSection
	GlobalSection(SolutionProperties) = preSolution
		HideSolutionNode = FALSE
	EndGlobalSection
	GlobalSection(ExtensibilityGlobals) = postSolution
		SolutionGuid = {6FCB8121-9CDA-4EDC-A447-A23A7FF6A376}
	EndGlobalSection
EndGlobal
